
Microsoft Visual Studio Solution File, Format Version 12.00
# Visual Studio Version 17
VisualStudioVersion = 17.10.35027.167
MinimumVisualStudioVersion = 10.0.40219.1
Project("{FAE04EC0-301F-11D3-BF4B-00C04F79EFBC}") = "Practice-Lists1", "Practice-Lists1\Practice-Lists1.csproj", "{EABF218F-3998-413F-81B4-DA968730D2D1}"
EndProject
Global
	GlobalSection(SolutionConfigurationPlatforms) = preSolution
		Debug|Any CPU = Debug|Any CPU
		Release|Any CPU = Release|Any CPU
	EndGlobalSection
	GlobalSection(ProjectConfigurationPlatforms) = postSolution
		{EABF218F-3998-413F-81B4-DA968730D2D1}.Debug|Any CPU.ActiveCfg = Debug|Any CPU
		{EABF218F-3998-413F-81B4-DA968730D2D1}.Debug|Any CPU.Build.0 = Debug|Any CPU
		{EABF218F-3998-413F-81B4-DA968730D2D1}.Release|Any CPU.ActiveCfg = Release|Any CPU
		{EABF218F-3998-413F-81B4-DA968730D2D1}.Release|Any CPU.Build.0 = Release|Any CPU
	EndGlobalSection
	GlobalSection(SolutionProperties) = preSolution
		HideSolutionNode = FALSE
	EndGlobalSection
	GlobalSection(ExtensibilityGlobals) = postSolution
		SolutionGuid = {56757DBE-5811-429A-B632-7C0DF7EB7B04}
	EndGlobalSection
EndGlobal
